// !$*UTF8*$!
{
	archiveVersion = 1;
	classes = {
	};
	objectVersion = 50;
	objects = {

/* Begin PBXBuildFile section */
		082015AF22A2284D00F58A12 /* AppDelegate.m in Sources */ = {isa = PBXBuildFile; fileRef = 082015AE22A2284D00F58A12 /* AppDelegate.m */; };
		082015B222A2284D00F58A12 /* ViewController.m in Sources */ = {isa = PBXBuildFile; fileRef = 082015B122A2284D00F58A12 /* ViewController.m */; };
		082015B522A2284D00F58A12 /* Main.storyboard in Resources */ = {isa = PBXBuildFile; fileRef = 082015B322A2284D00F58A12 /* Main.storyboard */; };
		082015B722A2284E00F58A12 /* Assets.xcassets in Resources */ = {isa = PBXBuildFile; fileRef = 082015B622A2284E00F58A12 /* Assets.xcassets */; };
		082015BA22A2284E00F58A12 /* LaunchScreen.storyboard in Resources */ = {isa = PBXBuildFile; fileRef = 082015B822A2284E00F58A12 /* LaunchScreen.storyboard */; };
		082015BD22A2284E00F58A12 /* main.m in Sources */ = {isa = PBXBuildFile; fileRef = 082015BC22A2284E00F58A12 /* main.m */; };
		0820160F22A26A1300F58A12 /* ship.scnassets in Resources */ = {isa = PBXBuildFile; fileRef = 0820160E22A26A1300F58A12 /* ship.scnassets */; };
/* End PBXBuildFile section */

/* Begin PBXFileReference section */
		082015AA22A2284D00F58A12 /* TYSceneDemo.app */ = {isa = PBXFileReference; explicitFileType = wrapper.application; includeInIndex = 0; path = TYSceneDemo.app; sourceTree = BUILT_PRODUCTS_DIR; };
		082015AD22A2284D00F58A12 /* AppDelegate.h */ = {isa = PBXFileReference; lastKnownFileType = sourcecode.c.h; path = AppDelegate.h; sourceTree = "<group>"; };
		082015AE22A2284D00F58A12 /* AppDelegate.m */ = {isa = PBXFileReference; lastKnownFileType = sourcecode.c.objc; path = AppDelegate.m; sourceTree = "<group>"; };
		082015B022A2284D00F58A12 /* ViewController.h */ = {isa = PBXFileReference; lastKnownFileType = sourcecode.c.h; path = ViewController.h; sourceTree = "<group>"; };
		082015B122A2284D00F58A12 /* ViewController.m */ = {isa = PBXFileReference; lastKnownFileType = sourcecode.c.objc; path = ViewController.m; sourceTree = "<group>"; };
		082015B422A2284D00F58A12 /* Base */ = {isa = PBXFileReference; lastKnownFileType = file.storyboard; name = Base; path = Base.lproj/Main.storyboard; sourceTree = "<group>"; };
		082015B622A2284E00F58A12 /* Assets.xcassets */ = {isa = PBXFileReference; lastKnownFileType = folder.assetcatalog; path = Assets.xcassets; sourceTree = "<group>"; };
		082015B922A2284E00F58A12 /* Base */ = {isa = PBXFileReference; lastKnownFileType = file.storyboard; name = Base; path = Base.lproj/LaunchScreen.storyboard; sourceTree = "<group>"; };
		082015BB22A2284E00F58A12 /* Info.plist */ = {isa = PBXFileReference; lastKnownFileType = text.plist.xml; path = Info.plist; sourceTree = "<group>"; };
		082015BC22A2284E00F58A12 /* main.m */ = {isa = PBXFileReference; lastKnownFileType = sourcecode.c.objc; path = main.m; sourceTree = "<group>"; };
		0820160E22A26A1300F58A12 /* ship.scnassets */ = {isa = PBXFileReference; lastKnownFileType = wrapper.scnassets; path = ship.scnassets; sourceTree = "<group>"; };
/* End PBXFileReference section */

/* Begin PBXFrameworksBuildPhase section */
		082015A722A2284D00F58A12 /* Frameworks */ = {
			isa = PBXFrameworksBuildPhase;
			buildActionMask = 2147483647;
			files = (
			);
			runOnlyForDeploymentPostprocessing = 0;
		};
/* End PBXFrameworksBuildPhase section */

/* Begin PBXGroup section */
		082015A122A2284D00F58A12 = {
			isa = PBXGroup;
			children = (
				082015AC22A2284D00F58A12 /* TYSceneDemo */,
				082015AB22A2284D00F58A12 /* Products */,
			);
			sourceTree = "<group>";
		};
		082015AB22A2284D00F58A12 /* Products */ = {
			isa = PBXGroup;
			children = (
				082015AA22A2284D00F58A12 /* TYSceneDemo.app */,
			);
			name = Products;
			sourceTree = "<group>";
		};
		082015AC22A2284D00F58A12 /* TYSceneDemo */ = {
			isa = PBXGroup;
			children = (
				0820160E22A26A1300F58A12 /* ship.scnassets */,
				082015AD22A2284D00F58A12 /* AppDelegate.h */,
				082015AE22A2284D00F58A12 /* AppDelegate.m */,
				082015B022A2284D00F58A12 /* ViewController.h */,
				082015B122A2284D00F58A12 /* ViewController.m */,
				082015B322A2284D00F58A12 /* Main.storyboard */,
				082015B622A2284E00F58A12 /* Assets.xcassets */,
				082015B822A2284E00F58A12 /* LaunchScreen.storyboard */,
				082015BB22A2284E00F58A12 /* Info.plist */,
				082015BC22A2284E00F58A12 /* main.m */,
			);
			path = TYSceneDemo;
			sourceTree = "<group>";
		};
/* End PBXGroup section */

/* Begin PBXNativeTarget section */
		082015A922A2284D00F58A12 /* TYSceneDemo */ = {
			isa = PBXNativeTarget;
			buildConfigurationList = 082015C022A2284E00F58A12 /* Build configuration list for PBXNativeTarget "TYSceneDemo" */;
			buildPhases = (
				082015A622A2284D00F58A12 /* Sources */,
				082015A722A2284D00F58A12 /* Frameworks */,
				082015A822A2284D00F58A12 /* Resources */,
			);
			buildRules = (
			);
			dependencies = (
			);
			name = TYSceneDemo;
			productName = TYSceneDemo;
			productReference = 082015AA22A2284D00F58A12 /* TYSceneDemo.app */;
			productType = "com.apple.product-type.application";
		};
/* End PBXNativeTarget section */

/* Begin PBXProject section */
		082015A222A2284D00F58A12 /* Project object */ = {
			isa = PBXProject;
			attributes = {
				LastUpgradeCheck = 1020;
				ORGANIZATIONNAME = "田宇";
				TargetAttributes = {
					082015A922A2284D00F58A12 = {
						CreatedOnToolsVersion = 10.2.1;
					};
				};
			};
			buildConfigurationList = 082015A522A2284D00F58A12 /* Build configuration list for PBXProject "TYSceneDemo" */;
			compatibilityVersion = "Xcode 9.3";
			developmentRegion = en;
			hasScannedForEncodings = 0;
			knownRegions = (
				en,
				Base,
			);
			mainGroup = 082015A122A2284D00F58A12;
			productRefGroup = 082015AB22A2284D00F58A12 /* Products */;
			projectDirPath = "";
			projectRoot = "";
			targets = (
				082015A922A2284D00F58A12 /* TYSceneDemo */,
			);
		};
/* End PBXProject section */

/* Begin PBXResourcesBuildPhase section */
		082015A822A2284D00F58A12 /* Resources */ = {
			isa = PBXResourcesBuildPhase;
			buildActionMask = 2147483647;
			files = (
				082015BA22A2284E00F58A12 /* LaunchScreen.storyboard in Resources */,
				082015B722A2284E00F58A12 /* Assets.xcassets in Resources */,
				082015B522A2284D00F58A12 /* Main.storyboard in Resources */,
				0820160F22A26A1300F58A12 /* ship.scnassets in Resources */,
			);
			runOnlyForDeploymentPostprocessing = 0;
		};
/* End PBXResourcesBuildPhase section */

/* Begin PBXSourcesBuildPhase section */
		082015A622A2284D00F58A12 /* Sources */ = {
			isa = PBXSourcesBuildPhase;
			buildActionMask = 2147483647;
			files = (
				082015B222A2284D00F58A12 /* ViewController.m in Sources */,
				082015BD22A2284E00F58A12 /* main.m in Sources */,
				082015AF22A2284D00F58A12 /* AppDelegate.m in Sources */,
			);
			runOnlyForDeploymentPostprocessing = 0;
		};
/* End PBXSourcesBuildPhase section */

/* Begin PBXVariantGroup section */
		082015B322A2284D00F58A12 /* Main.storyboard */ = {
			isa = PBXVariantGroup;
			children = (
				082015B422A2284D00F58A12 /* Base */,
			);
			name = Main.storyboard;
			sourceTree = "<group>";
		};
		082015B822A2284E00F58A12 /* LaunchScreen.storyboard */ = {
			isa = PBXVariantGroup;
			children = (
				082015B922A2284E00F58A12 /* Base */,
			);
			name = LaunchScreen.storyboard;
			sourceTree = "<group>";
		};
/* End PBXVariantGroup section */

/* Begin XCBuildConfiguration section */
		082015BE22A2284E00F58A12 /* Debug */ = {
			isa = XCBuildConfiguration;
			buildSettings = {
				ALWAYS_SEARCH_USER_PATHS = NO;
				CLANG_ANALYZER_NONNULL = YES;
				CLANG_ANALYZER_NUMBER_OBJECT_CONVERSION = YES_AGGRESSIVE;
				CLANG_CXX_LANGUAGE_STANDARD = "gnu++14";
				CLANG_CXX_LIBRARY = "libc++";
				CLANG_ENABLE_MODULES = YES;
				CLANG_ENABLE_OBJC_ARC = YES;
				CLANG_ENABLE_OBJC_WEAK = YES;
				CLANG_WARN_BLOCK_CAPTURE_AUTORELEASING = YES;
				CLANG_WARN_BOOL_CONVERSION = YES;
				CLANG_WARN_COMMA = YES;
				CLANG_WARN_CONSTANT_CONVERSION = YES;
				CLANG_WARN_DEPRECATED_OBJC_IMPLEMENTATIONS = YES;
				CLANG_WARN_DIRECT_OBJC_ISA_USAGE = YES_ERROR;
				CLANG_WARN_DOCUMENTATION_COMMENTS = YES;
				CLANG_WARN_EMPTY_BODY = YES;
				CLANG_WARN_ENUM_CONVERSION = YES;
				CLANG_WARN_INFINITE_RECURSION = YES;
				CLANG_WARN_INT_CONVERSION = YES;
				CLANG_WARN_NON_LITERAL_NULL_CONVERSION = YES;
				CLANG_WARN_OBJC_IMPLICIT_RETAIN_SELF = YES;
				CLANG_WARN_OBJC_LITERAL_CONVERSION = YES;
				CLANG_WARN_OBJC_ROOT_CLASS = YES_ERROR;
				CLANG_WARN_RANGE_LOOP_ANALYSIS = YES;
				CLANG_WARN_STRICT_PROTOTYPES = YES;
				CLANG_WARN_SUSPICIOUS_MOVE = YES;
				CLANG_WARN_UNGUARDED_AVAILABILITY = YES_AGGRESSIVE;
				CLANG_WARN_UNREACHABLE_CODE = YES;
				CLANG_WARN__DUPLICATE_METHOD_MATCH = YES;
				CODE_SIGN_IDENTITY = "iPhone Developer";
				COPY_PHASE_STRIP = NO;
				DEBUG_INFORMATION_FORMAT = dwarf;
				ENABLE_STRICT_OBJC_MSGSEND = YES;
				ENABLE_TESTABILITY = YES;
				GCC_C_LANGUAGE_STANDARD = gnu11;
				GCC_DYNAMIC_NO_PIC = NO;
				GCC_NO_COMMON_BLOCKS = YES;
				GCC_OPTIMIZATION_LEVEL = 0;
				GCC_PREPROCESSOR_DEFINITIONS = (
					"DEBUG=1",
					"$(inherited)",
				);
				GCC_WARN_64_TO_32_BIT_CONVERSION = YES;
				GCC_WARN_ABOUT_RETURN_TYPE = YES_ERROR;
				GCC_WARN_UNDECLARED_SELECTOR = YES;
				GCC_WARN_UNINITIALIZED_AUTOS = YES_AGGRESSIVE;
				GCC_WARN_UNUSED_FUNCTION = YES;
				GCC_WARN_UNUSED_VARIABLE = YES;
				IPHONEOS_DEPLOYMENT_TARGET = 12.2;
				MTL_ENABLE_DEBUG_INFO = INCLUDE_SOURCE;
				MTL_FAST_MATH = YES;
				ONLY_ACTIVE_ARCH = YES;
				SDKROOT = iphoneos;
			};
			name = Debug;
		};
		082015BF22A2284E00F58A12 /* Release */ = {
			isa = XCBuildConfiguration;
			buildSettings = {
				ALWAYS_SEARCH_USER_PATHS = NO;
				CLANG_ANALYZER_NONNULL = YES;
				CLANG_ANALYZER_NUMBER_OBJECT_CONVERSION = YES_AGGRESSIVE;
				CLANG_CXX_LANGUAGE_STANDARD = "gnu++14";
				CLANG_CXX_LIBRARY = "libc++";
				CLANG_ENABLE_MODULES = YES;
				CLANG_ENABLE_OBJC_ARC = YES;
				CLANG_ENABLE_OBJC_WEAK = YES;
				CLANG_WARN_BLOCK_CAPTURE_AUTORELEASING = YES;
				CLANG_WARN_BOOL_CONVERSION = YES;
				CLANG_WARN_COMMA = YES;
				CLANG_WARN_CONSTANT_CONVERSION = YES;
				CLANG_WARN_DEPRECATED_OBJC_IMPLEMENTATIONS = YES;
				CLANG_WARN_DIRECT_OBJC_ISA_USAGE = YES_ERROR;
				CLANG_WARN_DOCUMENTATION_COMMENTS = YES;
				CLANG_WARN_EMPTY_BODY = YES;
				CLANG_WARN_ENUM_CONVERSION = YES;
				CLANG_WARN_INFINITE_RECURSION = YES;
				CLANG_WARN_INT_CONVERSION = YES;
				CLANG_WARN_NON_LITERAL_NULL_CONVERSION = YES;
				CLANG_WARN_OBJC_IMPLICIT_RETAIN_SELF = YES;
				CLANG_WARN_OBJC_LITERAL_CONVERSION = YES;
				CLANG_WARN_OBJC_ROOT_CLASS = YES_ERROR;
				CLANG_WARN_RANGE_LOOP_ANALYSIS = YES;
				CLANG_WARN_STRICT_PROTOTYPES = YES;
				CLANG_WARN_SUSPICIOUS_MOVE = YES;
				CLANG_WARN_UNGUARDED_AVAILABILITY = YES_AGGRESSIVE;
				CLANG_WARN_UNREACHABLE_CODE = YES;
				CLANG_WARN__DUPLICATE_METHOD_MATCH = YES;
				CODE_SIGN_IDENTITY = "iPhone Developer";
				COPY_PHASE_STRIP = NO;
				DEBUG_INFORMATION_FORMAT = "dwarf-with-dsym";
				ENABLE_NS_ASSERTIONS = NO;
				ENABLE_STRICT_OBJC_MSGSEND = YES;
				GCC_C_LANGUAGE_STANDARD = gnu11;
				GCC_NO_COMMON_BLOCKS = YES;
				GCC_WARN_64_TO_32_BIT_CONVERSION = YES;
				GCC_WARN_ABOUT_RETURN_TYPE = YES_ERROR;
				GCC_WARN_UNDECLARED_SELECTOR = YES;
				GCC_WARN_UNINITIALIZED_AUTOS = YES_AGGRESSIVE;
				GCC_WARN_UNUSED_FUNCTION = YES;
				GCC_WARN_UNUSED_VARIABLE = YES;
				IPHONEOS_DEPLOYMENT_TARGET = 12.2;
				MTL_ENABLE_DEBUG_INFO = NO;
				MTL_FAST_MATH = YES;
				SDKROOT = iphoneos;
				VALIDATE_PRODUCT = YES;
			};
			name = Release;
		};
		082015C122A2284E00F58A12 /* Debug */ = {
			isa = XCBuildConfiguration;
			buildSettings = {
				ASSETCATALOG_COMPILER_APPICON_NAME = AppIcon;
				CODE_SIGN_STYLE = Automatic;
				DEVELOPMENT_TEAM = CC9XV3GRSV;
				INFOPLIST_FILE = TYSceneDemo/Info.plist;
				LD_RUNPATH_SEARCH_PATHS = (
					"$(inherited)",
					"@executable_path/Frameworks",
				);
				PRODUCT_BUNDLE_IDENTIFIER = top.sheldon.TYSceneDemo;
				PRODUCT_NAME = "$(TARGET_NAME)";
				TARGETED_DEVICE_FAMILY = "1,2";
			};
			name = Debug;
		};
		082015C222A2284E00F58A12 /* Release */ = {
			isa = XCBuildConfiguration;
			buildSettings = {
				ASSETCATALOG_COMPILER_APPICON_NAME = AppIcon;
				CODE_SIGN_STYLE = Automatic;
				DEVELOPMENT_TEAM = CC9XV3GRSV;
				INFOPLIST_FILE = TYSceneDemo/Info.plist;
				LD_RUNPATH_SEARCH_PATHS = (
					"$(inherited)",
					"@executable_path/Frameworks",
				);
				PRODUCT_BUNDLE_IDENTIFIER = top.sheldon.TYSceneDemo;
				PRODUCT_NAME = "$(TARGET_NAME)";
				TARGETED_DEVICE_FAMILY = "1,2";
			};
			name = Release;
		};
/* End XCBuildConfiguration section */

/* Begin XCConfigurationList section */
		082015A522A2284D00F58A12 /* Build configuration list for PBXProject "TYSceneDemo" */ = {
			isa = XCConfigurationList;
			buildConfigurations = (
				082015BE22A2284E00F58A12 /* Debug */,
				082015BF22A2284E00F58A12 /* Release */,
			);
			defaultConfigurationIsVisible = 0;
			defaultConfigurationName = Release;
		};
		082015C022A2284E00F58A12 /* Build configuration list for PBXNativeTarget "TYSceneDemo" */ = {
			isa = XCConfigurationList;
			buildConfigurations = (
				082015C122A2284E00F58A12 /* Debug */,
				082015C222A2284E00F58A12 /* Release */,
			);
			defaultConfigurationIsVisible = 0;
			defaultConfigurationName = Release;
		};
/* End XCConfigurationList section */
	};
	rootObject = 082015A222A2284D00F58A12 /* Project object */;
}
